
Microsoft Visual Studio Solution File, Format Version 12.00
# Visual Studio Version 17
VisualStudioVersion = 17.7.34031.279
MinimumVisualStudioVersion = 10.0.40219.1
Project("{FAE04EC0-301F-11D3-BF4B-00C04F79EFBC}") = "Consola1", "Consola1\Consola1.csproj", "{796E3432-7353-4BBE-B7F0-BCE48EFEE0FC}"
EndProject
Project("{FAE04EC0-301F-11D3-BF4B-00C04F79EFBC}") = "Singleton", "Singleton\Singleton.csproj", "{A9327BB5-B5FF-4F00-897A-8FE813E5A8F6}"
EndProject
Global
	GlobalSection(SolutionConfigurationPlatforms) = preSolution
		Debug|Any CPU = Debug|Any CPU
		Release|Any CPU = Release|Any CPU
	EndGlobalSection
	GlobalSection(ProjectConfigurationPlatforms) = postSolution
		{796E3432-7353-4BBE-B7F0-BCE48EFEE0FC}.Debug|Any CPU.ActiveCfg = Debug|Any CPU
		{796E3432-7353-4BBE-B7F0-BCE48EFEE0FC}.Debug|Any CPU.Build.0 = Debug|Any CPU
		{796E3432-7353-4BBE-B7F0-BCE48EFEE0FC}.Release|Any CPU.ActiveCfg = Release|Any CPU
		{796E3432-7353-4BBE-B7F0-BCE48EFEE0FC}.Release|Any CPU.Build.0 = Release|Any CPU
		{A9327BB5-B5FF-4F00-897A-8FE813E5A8F6}.Debug|Any CPU.ActiveCfg = Debug|Any CPU
		{A9327BB5-B5FF-4F00-897A-8FE813E5A8F6}.Debug|Any CPU.Build.0 = Debug|Any CPU
		{A9327BB5-B5FF-4F00-897A-8FE813E5A8F6}.Release|Any CPU.ActiveCfg = Release|Any CPU
		{A9327BB5-B5FF-4F00-897A-8FE813E5A8F6}.Release|Any CPU.Build.0 = Release|Any CPU
	EndGlobalSection
	GlobalSection(SolutionProperties) = preSolution
		HideSolutionNode = FALSE
	EndGlobalSection
	GlobalSection(ExtensibilityGlobals) = postSolution
		SolutionGuid = {8C10226F-A047-41D1-9B40-5E180503EE57}
	EndGlobalSection
EndGlobal
